<?xml version="1.0" encoding="utf-8"?>
<Project ToolsVersion="4.0" xmlns="http://schemas.microsoft.com/developer/msbuild/2003">
  <ItemGroup>
    <ClInclude Include="Library.hpp" />
  </ItemGroup>
  <ItemGroup>
    <ClCompile Include="Library.cpp" />
  </ItemGroup>
  <ItemGroup>
    <None Include="Library.def" />
  </ItemGroup>
</Project>